
Microsoft Visual Studio Solution File, Format Version 12.00
# Visual Studio Version 16
VisualStudioVersion = 16.0.29613.14
MinimumVisualStudioVersion = 10.0.40219.1
Project("{FAE04EC0-301F-11D3-BF4B-00C04F79EFBC}") = "Tema5", "Tema5.csproj", "{48EA6EEC-D26A-4106-9A22-CB2FB50E2510}"
EndProject
Global
	GlobalSection(SolutionConfigurationPlatforms) = preSolution
		Debug|Any CPU = Debug|Any CPU
		Release|Any CPU = Release|Any CPU
	EndGlobalSection
	GlobalSection(ProjectConfigurationPlatforms) = postSolution
		{48EA6EEC-D26A-4106-9A22-CB2FB50E2510}.Debug|Any CPU.ActiveCfg = Debug|Any CPU
		{48EA6EEC-D26A-4106-9A22-CB2FB50E2510}.Debug|Any CPU.Build.0 = Debug|Any CPU
		{48EA6EEC-D26A-4106-9A22-CB2FB50E2510}.Release|Any CPU.ActiveCfg = Release|Any CPU
		{48EA6EEC-D26A-4106-9A22-CB2FB50E2510}.Release|Any CPU.Build.0 = Release|Any CPU
	EndGlobalSection
	GlobalSection(SolutionProperties) = preSolution
		HideSolutionNode = FALSE
	EndGlobalSection
	GlobalSection(ExtensibilityGlobals) = postSolution
		SolutionGuid = {B9BC45F8-07AB-4CE7-8A6C-31AE82DF0F06}
	EndGlobalSection
EndGlobal
